lockfileVersion: '9.0'

settings:
  autoInstallPeers: true
  excludeLinksFromLockfile: false

importers:

  .:
    dependencies:
      '@napi-rs/canvas':
        specifier: ^0.1.100
        version: 0.1.100
      onnxruntime-node:
        specifier: ^1.26.0
        version: 1.26.0

packages:

  '@napi-rs/canvas-android-arm64@0.1.100':
    resolution: {integrity: sha512-hjhCKhntPv9+t4ckHymdx0phYNcVW+GKQR6Lzw2zE+pOVjOplSmtx9nNNknTjbEDLcuLZqA1y8ufKg1XfgftzQ==}
    engines: {node: '>= 10'}
    cpu: [arm64]
    os: [android]

  '@napi-rs/canvas-darwin-arm64@0.1.100':
    resolution: {integrity: sha512-2PcswRaC7Ly645DGt88///zuFDhJxJYdKAs1uU3mfk1atYkXufgcgLfBpk6Tm12nCQBaNt1wpybuPZ4qOhTo8A==}
    engines: {node: '>= 10'}
    cpu: [arm64]
    os: [darwin]

  '@napi-rs/canvas-darwin-x64@0.1.100':
    resolution: {integrity: sha512-ePNZtj7pNIva/siZMg+HmbeozkIjqUIYdoymH8HaA3qK7LfzFN4WMBM8G6HQ9ZC+H3+Dnn5pqtiXpgLykaPOhw==}
    engines: {node: '>= 10'}
    cpu: [x64]
    os: [darwin]

  '@napi-rs/canvas-linux-arm-gnueabihf@0.1.100':
    resolution: {integrity: sha512-d5cDB48oWFGU8/XPhUOFAlySgb/VAu7D+s8fi55K1Pcfg8aPplHWqMgibhVLU8ky7Pyg/fuiVLz4Nf3JrSTuUA==}
    engines: {node: '>= 10'}
    cpu: [arm]
    os: [linux]

  '@napi-rs/canvas-linux-arm64-gnu@0.1.100':
    resolution: {integrity: sha512-rDxgxRu69RvDlX/bh9o22DxLsGr8EqsNgotL9+RwQE1S0b0cqeatqsw6aW45mukm0B42DIAaAacKaYQ8cqS1nw==}
    engines: {node: '>= 10'}
    cpu: [arm64]
    os: [linux]

  '@napi-rs/canvas-linux-arm64-musl@0.1.100':
    resolution: {integrity: sha512-K3mDW66N+xT2/V439u1alFANiBUjdEx2gLiNYnCmUsva5jZMxWTjafBYwTzYK+EMFMHrUoabuU+T1BIP5CgbYQ==}
    engines: {node: '>= 10'}
    cpu: [arm64]
    os: [linux]

  '@napi-rs/canvas-linux-riscv64-gnu@0.1.100':
    resolution: {integrity: sha512-mooqUBTIsccZpnoQC4NgrC1v6C1vof39etLNMnBwCY+p0gajWJvAHLGQ6g/gGyS5YrpDW+GefSN4+Cvcr08UWw==}
    engines: {node: '>= 10'}
    cpu: [riscv64]
    os: [linux]

  '@napi-rs/canvas-linux-x64-gnu@0.1.100':
    resolution: {integrity: sha512-1eCvkDCazm7FFhsT7DfGOdSaHgZVK3bt/dSBl5EWHOWmnz+I7j8tPseJqqD81NF+MH21jKUK4wQSDjN0mdhnTg==}
    engines: {node: '>= 10'}
    cpu: [x64]
    os: [linux]

  '@napi-rs/canvas-linux-x64-musl@0.1.100':
    resolution: {integrity: sha512-20arT6lnI19S68qNlii73TSEDbECNgzMz2EpldC1V3mZFuRkeujXkcebRk0LRJe9SEUAooYiLokfMViY8IX7yA==}
    engines: {node: '>= 10'}
    cpu: [x64]
    os: [linux]

  '@napi-rs/canvas-win32-arm64-msvc@0.1.100':
    resolution: {integrity: sha512-DZFFT1wIAg37LJw37yhMRFfjATd3vTQzjZ1Yki8u2vhO6Hi5VE6BVaGQ1aaDu7xb4iMErz+9EOwjpS7xcxFeBw==}
    engines: {node: '>= 10'}
    cpu: [arm64]
    os: [win32]

  '@napi-rs/canvas-win32-x64-msvc@0.1.100':
    resolution: {integrity: sha512-MyT1j3mHC2+Lu4pBi9mKyMJhtP6U7k7EldY7sj/uS5gJA65gTXt8MefJQXLJo5d/vZbuWmfxzkEUNc/urV3pHA==}
    engines: {node: '>= 10'}
    cpu: [x64]
    os: [win32]

  '@napi-rs/canvas@0.1.100':
    resolution: {integrity: sha512-xglYA6q3XO5P3BNJYxVZ1IV7DLVjp1Py6nwag88YntrS+3vKHyYcMqXVS4ZztJmwz2uGvz1FWhI/4LgbR5uQDA==}
    engines: {node: '>= 10'}

  adm-zip@0.5.17:
    resolution: {integrity: sha512-+Ut8d9LLqwEvHHJl1+PIHqoyDxFgVN847JTVM3Izi3xHDWPE4UtzzXysMZQs64DMcrJfBeS/uoEP4AD3HQHnQQ==}
    engines: {node: '>=12.0'}

  define-data-property@1.1.4:
    resolution: {integrity: sha512-rBMvIzlpA8v6E+SJZoo++HAYqsLrkg7MSfIinMPFhmkorw7X+dOXVJQs+QT69zGkzMyfDnIMN2Wid1+NbL3T+A==}
    engines: {node: '>= 0.4'}

  define-properties@1.2.1:
    resolution: {integrity: sha512-8QmQKqEASLd5nx0U1B1okLElbUuuttJ/AnYmRXbbbGDWh6uS208EjD4Xqq/I9wK7u0v6O08XhTWnt5XtEbR6Dg==}
    engines: {node: '>= 0.4'}

  es-define-property@1.0.1:
    resolution: {integrity: sha512-e3nRfgfUZ4rNGL232gUgX06QNyyez04KdjFrF+LTRoOXmrOgFKDg4BCdsjW8EnT69eqdYGmRpJwiPVYNrCaW3g==}
    engines: {node: '>= 0.4'}

  es-errors@1.3.0:
    resolution: {integrity: sha512-Zf5H2Kxt2xjTvbJvP2ZWLEICxA6j+hAmMzIlypy4xcBg1vKVnx89Wy0GbS+kf5cwCVFFzdCFh2XSCFNULS6csw==}
    engines: {node: '>= 0.4'}

  escape-string-regexp@4.0.0:
    resolution: {integrity: sha512-TtpcNJ3XAzx3Gq8sWRzJaVajRs0uVxA2YAkdb1jm2YkPz4G6egUFAyA3n5vtEIZefPk5Wa4UXbKuS5fKkJWdgA==}
    engines: {node: '>=10'}

  global-agent@4.1.3:
    resolution: {integrity: sha512-KUJEViiuFT3I97t+GYMikLPJS2Lfo/S2F+DQuBWzuzaMPnvt5yyZePzArx36fBzpGTxZjIpDbXLeySLgh+k76g==}
    engines: {node: '>=10.0'}

  globalthis@1.0.4:
    resolution: {integrity: sha512-DpLKbNU4WylpxJykQujfCcwYWiV/Jhm50Goo0wrVILAv5jOr9d+H+UR3PhSCD2rCCEIg0uc+G+muBTwD54JhDQ==}
    engines: {node: '>= 0.4'}

  gopd@1.2.0:
    resolution: {integrity: sha512-ZUKRh6/kUFoAiTAtTYPZJ3hw9wNxx+BIBOijnlG9PnrJsCcSjs1wyyD6vJpaYtgnzDrKYRSqf3OO6Rfa93xsRg==}
    engines: {node: '>= 0.4'}

  has-property-descriptors@1.0.2:
    resolution: {integrity: sha512-55JNKuIW+vq4Ke1BjOTjM2YctQIvCT7GFzHwmfZPGo5wnrgkid0YQtnAleFSqumZm4az3n2BS+erby5ipJdgrg==}

  matcher@4.0.0:
    resolution: {integrity: sha512-S6x5wmcDmsDRRU/c2dkccDwQPXoFczc5+HpQ2lON8pnvHlnvHAHj5WlLVvw6n6vNyHuVugYrFohYxbS+pvFpKQ==}
    engines: {node: '>=10'}

  object-keys@1.1.1:
    resolution: {integrity: sha512-NuAESUOUMrlIXOfHKzD6bpPu3tYt3xvjNdRIQ+FeT0lNb4K8WR70CaDxhuNguS2XG+GjkyMwOzsN5ZktImfhLA==}
    engines: {node: '>= 0.4'}

  onnxruntime-common@1.26.0:
    resolution: {integrity: sha512-qVyMR4lcWgbkc4getFV+GQijsTnbg/siteoqcDwa3sI/LxbrMSNw4ePyvCq/ymdQaRomCA7YuWmhzsswxvymdw==}

  onnxruntime-node@1.26.0:
    resolution: {integrity: sha512-OHl6PiOEOqxaLHL0N9eFrbzS7IGmu3BtJNH3RTEnRAheCIkfc3gjcjl4sGcjp9C22ZC9YTquDOxSdT/stBQ6BQ==}
    os: [win32, darwin, linux]

  semver@7.8.0:
    resolution: {integrity: sha512-AcM7dV/5ul4EekoQ29Agm5vri8JNqRyj39o0qpX6vDF2GZrtutZl5RwgD1XnZjiTAfncsJhMI48QQH3sN87YNA==}
    engines: {node: '>=10'}
    hasBin: true

  serialize-error@8.1.0:
    resolution: {integrity: sha512-3NnuWfM6vBYoy5gZFvHiYsVbafvI9vZv/+jlIigFn4oP4zjNPK3LhcY0xSCgeb1a5L8jO71Mit9LlNoi2UfDDQ==}
    engines: {node: '>=10'}

  type-fest@0.20.2:
    resolution: {integrity: sha512-Ne+eE4r0/iWnpAxD852z3A+N0Bt5RN//NjJwRd2VFHEmrywxf5vsZlh4R6lixl6B+wz/8d+maTSAkN1FIkI3LQ==}
    engines: {node: '>=10'}

snapshots:

  '@napi-rs/canvas-android-arm64@0.1.100':
    optional: true

  '@napi-rs/canvas-darwin-arm64@0.1.100':
    optional: true

  '@napi-rs/canvas-darwin-x64@0.1.100':
    optional: true

  '@napi-rs/canvas-linux-arm-gnueabihf@0.1.100':
    optional: true

  '@napi-rs/canvas-linux-arm64-gnu@0.1.100':
    optional: true

  '@napi-rs/canvas-linux-arm64-musl@0.1.100':
    optional: true

  '@napi-rs/canvas-linux-riscv64-gnu@0.1.100':
    optional: true

  '@napi-rs/canvas-linux-x64-gnu@0.1.100':
    optional: true

  '@napi-rs/canvas-linux-x64-musl@0.1.100':
    optional: true

  '@napi-rs/canvas-win32-arm64-msvc@0.1.100':
    optional: true

  '@napi-rs/canvas-win32-x64-msvc@0.1.100':
    optional: true

  '@napi-rs/canvas@0.1.100':
    optionalDependencies:
      '@napi-rs/canvas-android-arm64': 0.1.100
      '@napi-rs/canvas-darwin-arm64': 0.1.100
      '@napi-rs/canvas-darwin-x64': 0.1.100
      '@napi-rs/canvas-linux-arm-gnueabihf': 0.1.100
      '@napi-rs/canvas-linux-arm64-gnu': 0.1.100
      '@napi-rs/canvas-linux-arm64-musl': 0.1.100
      '@napi-rs/canvas-linux-riscv64-gnu': 0.1.100
      '@napi-rs/canvas-linux-x64-gnu': 0.1.100
      '@napi-rs/canvas-linux-x64-musl': 0.1.100
      '@napi-rs/canvas-win32-arm64-msvc': 0.1.100
      '@napi-rs/canvas-win32-x64-msvc': 0.1.100

  adm-zip@0.5.17: {}

  define-data-property@1.1.4:
    dependencies:
      es-define-property: 1.0.1
      es-errors: 1.3.0
      gopd: 1.2.0

  define-properties@1.2.1:
    dependencies:
      define-data-property: 1.1.4
      has-property-descriptors: 1.0.2
      object-keys: 1.1.1

  es-define-property@1.0.1: {}

  es-errors@1.3.0: {}

  escape-string-regexp@4.0.0: {}

  global-agent@4.1.3:
    dependencies:
      globalthis: 1.0.4
      matcher: 4.0.0
      semver: 7.8.0
      serialize-error: 8.1.0

  globalthis@1.0.4:
    dependencies:
      define-properties: 1.2.1
      gopd: 1.2.0

  gopd@1.2.0: {}

  has-property-descriptors@1.0.2:
    dependencies:
      es-define-property: 1.0.1

  matcher@4.0.0:
    dependencies:
      escape-string-regexp: 4.0.0

  object-keys@1.1.1: {}

  onnxruntime-common@1.26.0: {}

  onnxruntime-node@1.26.0:
    dependencies:
      adm-zip: 0.5.17
      global-agent: 4.1.3
      onnxruntime-common: 1.26.0

  semver@7.8.0: {}

  serialize-error@8.1.0:
    dependencies:
      type-fest: 0.20.2

  type-fest@0.20.2: {}
